// !$*UTF8*$!
{
	archiveVersion = 1;
	classes = {
	};
	objectVersion = 51;
	objects = {

/* Begin PBXBuildFile section */
		5B2C4FEA4AE9C7018B73E033 /* Pods_ku_boost_iOS.framework in Frameworks */ = {isa = PBXBuildFile; fileRef = BD713A811F4BE9667D8A2DF9 /* Pods_ku_boost_iOS.framework */; };
		B183136725BDDC2A00625375 /* GradeService.swift in Sources */ = {isa = PBXBuildFile; fileRef = B183136625BDDC2A00625375 /* GradeService.swift */; };
		B183136C25BDF4CA00625375 /* GradeInterceptor.swift in Sources */ = {isa = PBXBuildFile; fileRef = B183136B25BDF4CA00625375 /* GradeInterceptor.swift */; };
		B183136F25BDF4E500625375 /* GradeLogger.swift in Sources */ = {isa = PBXBuildFile; fileRef = B183136E25BDF4E500625375 /* GradeLogger.swift */; };
		B183137225BDF50B00625375 /* GradeRouter.swift in Sources */ = {isa = PBXBuildFile; fileRef = B183137125BDF50B00625375 /* GradeRouter.swift */; };
		B183137525BDF72600625375 /* LibraryService.swift in Sources */ = {isa = PBXBuildFile; fileRef = B183137425BDF72600625375 /* LibraryService.swift */; };
		B18320A525D14D3E0096884D /* RealmGrade.swift in Sources */ = {isa = PBXBuildFile; fileRef = B18320A425D14D3E0096884D /* RealmGrade.swift */; };
		B18B804C25D03F5E00662FC1 /* LoginResponse.swift in Sources */ = {isa = PBXBuildFile; fileRef = B18B804B25D03F5E00662FC1 /* LoginResponse.swift */; };
		B18B804F25D03F7700662FC1 /* LoginSuccess.swift in Sources */ = {isa = PBXBuildFile; fileRef = B18B804E25D03F7700662FC1 /* LoginSuccess.swift */; };
		B18B805325D03F8900662FC1 /* LoginFailure.swift in Sources */ = {isa = PBXBuildFile; fileRef = B18B805225D03F8900662FC1 /* LoginFailure.swift */; };
		B18B805625D0478200662FC1 /* UserInfo.swift in Sources */ = {isa = PBXBuildFile; fileRef = B18B805525D0478200662FC1 /* UserInfo.swift */; };
		B19428DB25D1A52E0045A32F /* RealmSimulation.swift in Sources */ = {isa = PBXBuildFile; fileRef = B19428DA25D1A52E0045A32F /* RealmSimulation.swift */; };
		B19428DE25D1AE9B0045A32F /* ChangePW.swift in Sources */ = {isa = PBXBuildFile; fileRef = B19428DD25D1AE9B0045A32F /* ChangePW.swift */; };
		B19428E125D1B0190045A32F /* LibraryRouter.swift in Sources */ = {isa = PBXBuildFile; fileRef = B19428E025D1B0190045A32F /* LibraryRouter.swift */; };
		B19428E425D1B21E0045A32F /* LibraryHandler.swift in Sources */ = {isa = PBXBuildFile; fileRef = B19428E325D1B21E0045A32F /* LibraryHandler.swift */; };
		B19428E825D1B2B80045A32F /* LibLoginResponse.swift in Sources */ = {isa = PBXBuildFile; fileRef = B19428E725D1B2B80045A32F /* LibLoginResponse.swift */; };
		B19428EC25D1B2E00045A32F /* QRResponse.swift in Sources */ = {isa = PBXBuildFile; fileRef = B19428EB25D1B2E00045A32F /* QRResponse.swift */; };
		B19428F125D1B9800045A32F /* LibraryInterceptor.swift in Sources */ = {isa = PBXBuildFile; fileRef = B19428F025D1B9800045A32F /* LibraryInterceptor.swift */; };
		B19428F425D1BE630045A32F /* LibLoginRequest.swift in Sources */ = {isa = PBXBuildFile; fileRef = B19428F325D1BE630045A32F /* LibLoginRequest.swift */; };
		B1989ED925B1AB6600BC612D /* ku_boost_iOSApp.swift in Sources */ = {isa = PBXBuildFile; fileRef = B1989ED825B1AB6600BC612D /* ku_boost_iOSApp.swift */; };
		B1989EDD25B1AB6600BC612D /* Assets.xcassets in Resources */ = {isa = PBXBuildFile; fileRef = B1989EDC25B1AB6600BC612D /* Assets.xcassets */; };
		B1989EE025B1AB6600BC612D /* Preview Assets.xcassets in Resources */ = {isa = PBXBuildFile; fileRef = B1989EDF25B1AB6600BC612D /* Preview Assets.xcassets */; };
		B1A577A225B3665100311B30 /* AuthHandler.swift in Sources */ = {isa = PBXBuildFile; fileRef = B1A577A125B3665100311B30 /* AuthHandler.swift */; };
		B1A577A825B3694700311B30 /* LoginView.swift in Sources */ = {isa = PBXBuildFile; fileRef = B1A577A725B3694700311B30 /* LoginView.swift */; };
		B1A577AB25B3696900311B30 /* DebugView.swift in Sources */ = {isa = PBXBuildFile; fileRef = B1A577AA25B3696900311B30 /* DebugView.swift */; };
		B1A577AE25B3699C00311B30 /* LoginViewModel.swift in Sources */ = {isa = PBXBuildFile; fileRef = B1A577AD25B3699C00311B30 /* LoginViewModel.swift */; };
		B1A577C925B36C8200311B30 /* TextFields.swift in Sources */ = {isa = PBXBuildFile; fileRef = B1A577C625B36C8200311B30 /* TextFields.swift */; };
		B1A577CA25B36C8200311B30 /* LoadingIndicator.swift in Sources */ = {isa = PBXBuildFile; fileRef = B1A577C725B36C8200311B30 /* LoadingIndicator.swift */; };
		B1A577CB25B36C8200311B30 /* LoadingView.swift in Sources */ = {isa = PBXBuildFile; fileRef = B1A577C825B36C8200311B30 /* LoadingView.swift */; };
		B1A577D225B385E000311B30 /* GradeHandler.swift in Sources */ = {isa = PBXBuildFile; fileRef = B1A577D125B385E000311B30 /* GradeHandler.swift */; };
		B1A6E82025BEC6AA001A2911 /* AuthService.swift in Sources */ = {isa = PBXBuildFile; fileRef = B1A6E81F25BEC6AA001A2911 /* AuthService.swift */; };
		B1A6E82325BEC6E4001A2911 /* AuthInterceptor.swift in Sources */ = {isa = PBXBuildFile; fileRef = B1A6E82225BEC6E4001A2911 /* AuthInterceptor.swift */; };
		B1A6E82625BEC80D001A2911 /* AuthRouter.swift in Sources */ = {isa = PBXBuildFile; fileRef = B1A6E82525BEC80D001A2911 /* AuthRouter.swift */; };
		B1C489AA25D0713F00702617 /* Grade.swift in Sources */ = {isa = PBXBuildFile; fileRef = B1C489A925D0713F00702617 /* Grade.swift */; };
		B1C489AD25D0714D00702617 /* GradeResponse.swift in Sources */ = {isa = PBXBuildFile; fileRef = B1C489AC25D0714D00702617 /* GradeResponse.swift */; };
		B1C489B025D0715500702617 /* ValidGrade.swift in Sources */ = {isa = PBXBuildFile; fileRef = B1C489AF25D0715500702617 /* ValidGrade.swift */; };
		B1C489B325D0715B00702617 /* ValidGradeResponse.swift in Sources */ = {isa = PBXBuildFile; fileRef = B1C489B225D0715B00702617 /* ValidGradeResponse.swift */; };
		B1C489B625D0718100702617 /* GraduationSimulationResponse.swift in Sources */ = {isa = PBXBuildFile; fileRef = B1C489B525D0718100702617 /* GraduationSimulationResponse.swift */; };
		B1C489B925D0718800702617 /* GraduationSimulation.swift in Sources */ = {isa = PBXBuildFile; fileRef = B1C489B825D0718800702617 /* GraduationSimulation.swift */; };
/* End PBXBuildFile section */

/* Begin PBXFileReference section */
		A195609F6A6805C21BAA0298 /* Pods-ku-boost-iOS.release.xcconfig */ = {isa = PBXFileReference; includeInIndex = 1; lastKnownFileType = text.xcconfig; name = "Pods-ku-boost-iOS.release.xcconfig"; path = "Target Support Files/Pods-ku-boost-iOS/Pods-ku-boost-iOS.release.xcconfig"; sourceTree = "<group>"; };
		B183136625BDDC2A00625375 /* GradeService.swift */ = {isa = PBXFileReference; lastKnownFileType = sourcecode.swift; path = GradeService.swift; sourceTree = "<group>"; };
		B183136B25BDF4CA00625375 /* GradeInterceptor.swift */ = {isa = PBXFileReference; lastKnownFileType = sourcecode.swift; path = GradeInterceptor.swift; sourceTree = "<group>"; };
		B183136E25BDF4E500625375 /* GradeLogger.swift */ = {isa = PBXFileReference; lastKnownFileType = sourcecode.swift; path = GradeLogger.swift; sourceTree = "<group>"; };
		B183137125BDF50B00625375 /* GradeRouter.swift */ = {isa = PBXFileReference; lastKnownFileType = sourcecode.swift; path = GradeRouter.swift; sourceTree = "<group>"; };
		B183137425BDF72600625375 /* LibraryService.swift */ = {isa = PBXFileReference; lastKnownFileType = sourcecode.swift; path = LibraryService.swift; sourceTree = "<group>"; };
		B18320A425D14D3E0096884D /* RealmGrade.swift */ = {isa = PBXFileReference; lastKnownFileType = sourcecode.swift; path = RealmGrade.swift; sourceTree = "<group>"; };
		B18B804B25D03F5E00662FC1 /* LoginResponse.swift */ = {isa = PBXFileReference; lastKnownFileType = sourcecode.swift; path = LoginResponse.swift; sourceTree = "<group>"; };
		B18B804E25D03F7700662FC1 /* LoginSuccess.swift */ = {isa = PBXFileReference; lastKnownFileType = sourcecode.swift; path = LoginSuccess.swift; sourceTree = "<group>"; };
		B18B805225D03F8900662FC1 /* LoginFailure.swift */ = {isa = PBXFileReference; lastKnownFileType = sourcecode.swift; path = LoginFailure.swift; sourceTree = "<group>"; };
		B18B805525D0478200662FC1 /* UserInfo.swift */ = {isa = PBXFileReference; lastKnownFileType = sourcecode.swift; path = UserInfo.swift; sourceTree = "<group>"; };
		B19428DA25D1A52E0045A32F /* RealmSimulation.swift */ = {isa = PBXFileReference; lastKnownFileType = sourcecode.swift; path = RealmSimulation.swift; sourceTree = "<group>"; };
		B19428DD25D1AE9B0045A32F /* ChangePW.swift */ = {isa = PBXFileReference; lastKnownFileType = sourcecode.swift; path = ChangePW.swift; sourceTree = "<group>"; };
		B19428E025D1B0190045A32F /* LibraryRouter.swift */ = {isa = PBXFileReference; lastKnownFileType = sourcecode.swift; path = LibraryRouter.swift; sourceTree = "<group>"; };
		B19428E325D1B21E0045A32F /* LibraryHandler.swift */ = {isa = PBXFileReference; lastKnownFileType = sourcecode.swift; path = LibraryHandler.swift; sourceTree = "<group>"; };
		B19428E725D1B2B80045A32F /* LibLoginResponse.swift */ = {isa = PBXFileReference; lastKnownFileType = sourcecode.swift; path = LibLoginResponse.swift; sourceTree = "<group>"; };
		B19428EB25D1B2E00045A32F /* QRResponse.swift */ = {isa = PBXFileReference; lastKnownFileType = sourcecode.swift; path = QRResponse.swift; sourceTree = "<group>"; };
		B19428F025D1B9800045A32F /* LibraryInterceptor.swift */ = {isa = PBXFileReference; lastKnownFileType = sourcecode.swift; path = LibraryInterceptor.swift; sourceTree = "<group>"; };
		B19428F325D1BE630045A32F /* LibLoginRequest.swift */ = {isa = PBXFileReference; lastKnownFileType = sourcecode.swift; path = LibLoginRequest.swift; sourceTree = "<group>"; };
		B1989ED525B1AB6600BC612D /* ku-boost-iOS.app */ = {isa = PBXFileReference; explicitFileType = wrapper.application; includeInIndex = 0; path = "ku-boost-iOS.app"; sourceTree = BUILT_PRODUCTS_DIR; };
		B1989ED825B1AB6600BC612D /* ku_boost_iOSApp.swift */ = {isa = PBXFileReference; lastKnownFileType = sourcecode.swift; path = ku_boost_iOSApp.swift; sourceTree = "<group>"; };
		B1989EDC25B1AB6600BC612D /* Assets.xcassets */ = {isa = PBXFileReference; lastKnownFileType = folder.assetcatalog; path = Assets.xcassets; sourceTree = "<group>"; };
		B1989EDF25B1AB6600BC612D /* Preview Assets.xcassets */ = {isa = PBXFileReference; lastKnownFileType = folder.assetcatalog; path = "Preview Assets.xcassets"; sourceTree = "<group>"; };
		B1989EE125B1AB6600BC612D /* Info.plist */ = {isa = PBXFileReference; lastKnownFileType = text.plist.xml; path = Info.plist; sourceTree = "<group>"; };
		B1A577A125B3665100311B30 /* AuthHandler.swift */ = {isa = PBXFileReference; lastKnownFileType = sourcecode.swift; path = AuthHandler.swift; sourceTree = "<group>"; };
		B1A577A725B3694700311B30 /* LoginView.swift */ = {isa = PBXFileReference; lastKnownFileType = sourcecode.swift; path = LoginView.swift; sourceTree = "<group>"; };
		B1A577AA25B3696900311B30 /* DebugView.swift */ = {isa = PBXFileReference; lastKnownFileType = sourcecode.swift; path = DebugView.swift; sourceTree = "<group>"; };
		B1A577AD25B3699C00311B30 /* LoginViewModel.swift */ = {isa = PBXFileReference; lastKnownFileType = sourcecode.swift; path = LoginViewModel.swift; sourceTree = "<group>"; };
		B1A577C625B36C8200311B30 /* TextFields.swift */ = {isa = PBXFileReference; fileEncoding = 4; lastKnownFileType = sourcecode.swift; path = TextFields.swift; sourceTree = "<group>"; };
		B1A577C725B36C8200311B30 /* LoadingIndicator.swift */ = {isa = PBXFileReference; fileEncoding = 4; lastKnownFileType = sourcecode.swift; path = LoadingIndicator.swift; sourceTree = "<group>"; };
		B1A577C825B36C8200311B30 /* LoadingView.swift */ = {isa = PBXFileReference; fileEncoding = 4; lastKnownFileType = sourcecode.swift; path = LoadingView.swift; sourceTree = "<group>"; };
		B1A577D125B385E000311B30 /* GradeHandler.swift */ = {isa = PBXFileReference; lastKnownFileType = sourcecode.swift; path = GradeHandler.swift; sourceTree = "<group>"; };
		B1A6E81F25BEC6AA001A2911 /* AuthService.swift */ = {isa = PBXFileReference; lastKnownFileType = sourcecode.swift; path = AuthService.swift; sourceTree = "<group>"; };
		B1A6E82225BEC6E4001A2911 /* AuthInterceptor.swift */ = {isa = PBXFileReference; lastKnownFileType = sourcecode.swift; path = AuthInterceptor.swift; sourceTree = "<group>"; };
		B1A6E82525BEC80D001A2911 /* AuthRouter.swift */ = {isa = PBXFileReference; lastKnownFileType = sourcecode.swift; path = AuthRouter.swift; sourceTree = "<group>"; };
		B1C489A925D0713F00702617 /* Grade.swift */ = {isa = PBXFileReference; lastKnownFileType = sourcecode.swift; path = Grade.swift; sourceTree = "<group>"; };
		B1C489AC25D0714D00702617 /* GradeResponse.swift */ = {isa = PBXFileReference; lastKnownFileType = sourcecode.swift; path = GradeResponse.swift; sourceTree = "<group>"; };
		B1C489AF25D0715500702617 /* ValidGrade.swift */ = {isa = PBXFileReference; lastKnownFileType = sourcecode.swift; path = ValidGrade.swift; sourceTree = "<group>"; };
		B1C489B225D0715B00702617 /* ValidGradeResponse.swift */ = {isa = PBXFileReference; lastKnownFileType = sourcecode.swift; path = ValidGradeResponse.swift; sourceTree = "<group>"; };
		B1C489B525D0718100702617 /* GraduationSimulationResponse.swift */ = {isa = PBXFileReference; lastKnownFileType = sourcecode.swift; path = GraduationSimulationResponse.swift; sourceTree = "<group>"; };
		B1C489B825D0718800702617 /* GraduationSimulation.swift */ = {isa = PBXFileReference; lastKnownFileType = sourcecode.swift; path = GraduationSimulation.swift; sourceTree = "<group>"; };
		BD713A811F4BE9667D8A2DF9 /* Pods_ku_boost_iOS.framework */ = {isa = PBXFileReference; explicitFileType = wrapper.framework; includeInIndex = 0; path = Pods_ku_boost_iOS.framework; sourceTree = BUILT_PRODUCTS_DIR; };
		D2E1C2EDFC0D762BA47414A9 /* Pods-ku-boost-iOS.debug.xcconfig */ = {isa = PBXFileReference; includeInIndex = 1; lastKnownFileType = text.xcconfig; name = "Pods-ku-boost-iOS.debug.xcconfig"; path = "Target Support Files/Pods-ku-boost-iOS/Pods-ku-boost-iOS.debug.xcconfig"; sourceTree = "<group>"; };
/* End PBXFileReference section */

/* Begin PBXFrameworksBuildPhase section */
		B1989ED225B1AB6600BC612D /* Frameworks */ = {
			isa = PBXFrameworksBuildPhase;
			buildActionMask = 2147483647;
			files = (
				5B2C4FEA4AE9C7018B73E033 /* Pods_ku_boost_iOS.framework in Frameworks */,
			);
			runOnlyForDeploymentPostprocessing = 0;
		};
/* End PBXFrameworksBuildPhase section */

/* Begin PBXGroup section */
		6422D1CB5CF6AD8F792BC0A0 /* Pods */ = {
			isa = PBXGroup;
			children = (
				D2E1C2EDFC0D762BA47414A9 /* Pods-ku-boost-iOS.debug.xcconfig */,
				A195609F6A6805C21BAA0298 /* Pods-ku-boost-iOS.release.xcconfig */,
			);
			path = Pods;
			sourceTree = "<group>";
		};
		AB4BF44BAE00A1A28DB52C87 /* Frameworks */ = {
			isa = PBXGroup;
			children = (
				BD713A811F4BE9667D8A2DF9 /* Pods_ku_boost_iOS.framework */,
			);
			name = Frameworks;
			sourceTree = "<group>";
		};
		B183136525BDDBB100625375 /* API */ = {
			isa = PBXGroup;
			children = (
				B1A6E81E25BEC6A1001A2911 /* Auth */,
				B183136A25BDF4A400625375 /* Library */,
				B183136925BDF49B00625375 /* Grade */,
			);
			path = API;
			sourceTree = "<group>";
		};
		B183136925BDF49B00625375 /* Grade */ = {
			isa = PBXGroup;
			children = (
				B183136625BDDC2A00625375 /* GradeService.swift */,
				B183136B25BDF4CA00625375 /* GradeInterceptor.swift */,
				B183136E25BDF4E500625375 /* GradeLogger.swift */,
				B183137125BDF50B00625375 /* GradeRouter.swift */,
			);
			path = Grade;
			sourceTree = "<group>";
		};
		B183136A25BDF4A400625375 /* Library */ = {
			isa = PBXGroup;
			children = (
				B183137425BDF72600625375 /* LibraryService.swift */,
				B19428E025D1B0190045A32F /* LibraryRouter.swift */,
				B19428F025D1B9800045A32F /* LibraryInterceptor.swift */,
			);
			path = Library;
			sourceTree = "<group>";
		};
		B18320A325D14D330096884D /* Realm */ = {
			isa = PBXGroup;
			children = (
				B18320A425D14D3E0096884D /* RealmGrade.swift */,
				B19428DA25D1A52E0045A32F /* RealmSimulation.swift */,
			);
			path = Realm;
			sourceTree = "<group>";
		};
		B18B804A25D03F4E00662FC1 /* Auth */ = {
			isa = PBXGroup;
			children = (
				B18B804B25D03F5E00662FC1 /* LoginResponse.swift */,
				B18B804E25D03F7700662FC1 /* LoginSuccess.swift */,
				B18B805225D03F8900662FC1 /* LoginFailure.swift */,
				B18B805525D0478200662FC1 /* UserInfo.swift */,
				B19428DD25D1AE9B0045A32F /* ChangePW.swift */,
			);
			path = Auth;
			sourceTree = "<group>";
		};
		B19428E625D1B2AC0045A32F /* Library */ = {
			isa = PBXGroup;
			children = (
				B19428E725D1B2B80045A32F /* LibLoginResponse.swift */,
				B19428EB25D1B2E00045A32F /* QRResponse.swift */,
				B19428F325D1BE630045A32F /* LibLoginRequest.swift */,
			);
			path = Library;
			sourceTree = "<group>";
		};
		B1989ECC25B1AB6600BC612D = {
			isa = PBXGroup;
			children = (
				B1989ED725B1AB6600BC612D /* ku-boost-iOS */,
				B1989ED625B1AB6600BC612D /* Products */,
				6422D1CB5CF6AD8F792BC0A0 /* Pods */,
				AB4BF44BAE00A1A28DB52C87 /* Frameworks */,
			);
			sourceTree = "<group>";
		};
		B1989ED625B1AB6600BC612D /* Products */ = {
			isa = PBXGroup;
			children = (
				B1989ED525B1AB6600BC612D /* ku-boost-iOS.app */,
			);
			name = Products;
			sourceTree = "<group>";
		};
		B1989ED725B1AB6600BC612D /* ku-boost-iOS */ = {
			isa = PBXGroup;
			children = (
				B183136525BDDBB100625375 /* API */,
				B1A5779925B3606300311B30 /* Main */,
				B1A5779D25B3609600311B30 /* Data */,
				B1A5779B25B3608B00311B30 /* Views */,
				B1A5779C25B3609100311B30 /* ViewModels */,
				B1A5779E25B3609D00311B30 /* Utilities */,
				B1A5779A25B3607A00311B30 /* Resources */,
				B1989EDE25B1AB6600BC612D /* Preview Content */,
			);
			path = "ku-boost-iOS";
			sourceTree = "<group>";
		};
		B1989EDE25B1AB6600BC612D /* Preview Content */ = {
			isa = PBXGroup;
			children = (
				B1989EDF25B1AB6600BC612D /* Preview Assets.xcassets */,
			);
			path = "Preview Content";
			sourceTree = "<group>";
		};
		B1A5779925B3606300311B30 /* Main */ = {
			isa = PBXGroup;
			children = (
				B1989ED825B1AB6600BC612D /* ku_boost_iOSApp.swift */,
			);
			path = Main;
			sourceTree = "<group>";
		};
		B1A5779A25B3607A00311B30 /* Resources */ = {
			isa = PBXGroup;
			children = (
				B1989EE125B1AB6600BC612D /* Info.plist */,
				B1989EDC25B1AB6600BC612D /* Assets.xcassets */,
			);
			path = Resources;
			sourceTree = "<group>";
		};
		B1A5779B25B3608B00311B30 /* Views */ = {
			isa = PBXGroup;
			children = (
				B1A577B525B36C1100311B30 /* ResusableViews */,
				B1A577A725B3694700311B30 /* LoginView.swift */,
				B1A577AA25B3696900311B30 /* DebugView.swift */,
			);
			path = Views;
			sourceTree = "<group>";
		};
		B1A5779C25B3609100311B30 /* ViewModels */ = {
			isa = PBXGroup;
			children = (
				B1A577AD25B3699C00311B30 /* LoginViewModel.swift */,
			);
			path = ViewModels;
			sourceTree = "<group>";
		};
		B1A5779D25B3609600311B30 /* Data */ = {
			isa = PBXGroup;
			children = (
				B19428E625D1B2AC0045A32F /* Library */,
				B18320A325D14D330096884D /* Realm */,
				B18B804A25D03F4E00662FC1 /* Auth */,
				B1C489A825D0713700702617 /* Grade */,
			);
			path = Data;
			sourceTree = "<group>";
		};
		B1A5779E25B3609D00311B30 /* Utilities */ = {
			isa = PBXGroup;
			children = (
				B1A577A125B3665100311B30 /* AuthHandler.swift */,
				B1A577D125B385E000311B30 /* GradeHandler.swift */,
				B19428E325D1B21E0045A32F /* LibraryHandler.swift */,
			);
			path = Utilities;
			sourceTree = "<group>";
		};
		B1A577B525B36C1100311B30 /* ResusableViews */ = {
			isa = PBXGroup;
			children = (
				B1A577C725B36C8200311B30 /* LoadingIndicator.swift */,
				B1A577C825B36C8200311B30 /* LoadingView.swift */,
				B1A577C625B36C8200311B30 /* TextFields.swift */,
			);
			path = ResusableViews;
			sourceTree = "<group>";
		};
		B1A6E81E25BEC6A1001A2911 /* Auth */ = {
			isa = PBXGroup;
			children = (
				B1A6E81F25BEC6AA001A2911 /* AuthService.swift */,
				B1A6E82225BEC6E4001A2911 /* AuthInterceptor.swift */,
				B1A6E82525BEC80D001A2911 /* AuthRouter.swift */,
			);
			path = Auth;
			sourceTree = "<group>";
		};
		B1C489A825D0713700702617 /* Grade */ = {
			isa = PBXGroup;
			children = (
				B1C489A925D0713F00702617 /* Grade.swift */,
				B1C489AC25D0714D00702617 /* GradeResponse.swift */,
				B1C489AF25D0715500702617 /* ValidGrade.swift */,
				B1C489B225D0715B00702617 /* ValidGradeResponse.swift */,
				B1C489B825D0718800702617 /* GraduationSimulation.swift */,
				B1C489B525D0718100702617 /* GraduationSimulationResponse.swift */,
			);
			path = Grade;
			sourceTree = "<group>";
		};
/* End PBXGroup section */

/* Begin PBXNativeTarget section */
		B1989ED425B1AB6600BC612D /* ku-boost-iOS */ = {
			isa = PBXNativeTarget;
			buildConfigurationList = B1989EE425B1AB6600BC612D /* Build configuration list for PBXNativeTarget "ku-boost-iOS" */;
			buildPhases = (
				5B47F9E36F8FCE0E8E4A7637 /* [CP] Check Pods Manifest.lock */,
				B1989ED125B1AB6600BC612D /* Sources */,
				B1989ED225B1AB6600BC612D /* Frameworks */,
				B1989ED325B1AB6600BC612D /* Resources */,
				AD7A52502B2D23B8005402BC /* [CP] Embed Pods Frameworks */,
			);
			buildRules = (
			);
			dependencies = (
			);
			name = "ku-boost-iOS";
			productName = "ku-boost-iOS";
			productReference = B1989ED525B1AB6600BC612D /* ku-boost-iOS.app */;
			productType = "com.apple.product-type.application";
		};
/* End PBXNativeTarget section */

/* Begin PBXProject section */
		B1989ECD25B1AB6600BC612D /* Project object */ = {
			isa = PBXProject;
			attributes = {
				LastSwiftUpdateCheck = 1230;
				LastUpgradeCheck = 1230;
				TargetAttributes = {
					B1989ED425B1AB6600BC612D = {
						CreatedOnToolsVersion = 12.3;
					};
				};
			};
			buildConfigurationList = B1989ED025B1AB6600BC612D /* Build configuration list for PBXProject "ku-boost-iOS" */;
			compatibilityVersion = "Xcode 9.3";
			developmentRegion = en;
			hasScannedForEncodings = 0;
			knownRegions = (
				en,
				Base,
			);
			mainGroup = B1989ECC25B1AB6600BC612D;
			productRefGroup = B1989ED625B1AB6600BC612D /* Products */;
			projectDirPath = "";
			projectRoot = "";
			targets = (
				B1989ED425B1AB6600BC612D /* ku-boost-iOS */,
			);
		};
/* End PBXProject section */

/* Begin PBXResourcesBuildPhase section */
		B1989ED325B1AB6600BC612D /* Resources */ = {
			isa = PBXResourcesBuildPhase;
			buildActionMask = 2147483647;
			files = (
				B1989EE025B1AB6600BC612D /* Preview Assets.xcassets in Resources */,
				B1989EDD25B1AB6600BC612D /* Assets.xcassets in Resources */,
			);
			runOnlyForDeploymentPostprocessing = 0;
		};
/* End PBXResourcesBuildPhase section */

/* Begin PBXShellScriptBuildPhase section */
		5B47F9E36F8FCE0E8E4A7637 /* [CP] Check Pods Manifest.lock */ = {
			isa = PBXShellScriptBuildPhase;
			buildActionMask = 2147483647;
			files = (
			);
			inputFileListPaths = (
			);
			inputPaths = (
				"${PODS_PODFILE_DIR_PATH}/Podfile.lock",
				"${PODS_ROOT}/Manifest.lock",
			);
			name = "[CP] Check Pods Manifest.lock";
			outputFileListPaths = (
			);
			outputPaths = (
				"$(DERIVED_FILE_DIR)/Pods-ku-boost-iOS-checkManifestLockResult.txt",
			);
			runOnlyForDeploymentPostprocessing = 0;
			shellPath = /bin/sh;
			shellScript = "diff \"${PODS_PODFILE_DIR_PATH}/Podfile.lock\" \"${PODS_ROOT}/Manifest.lock\" > /dev/null\nif [ $? != 0 ] ; then\n    # print error to STDERR\n    echo \"error: The sandbox is not in sync with the Podfile.lock. Run 'pod install' or update your CocoaPods installation.\" >&2\n    exit 1\nfi\n# This output is used by Xcode 'outputs' to avoid re-running this script phase.\necho \"SUCCESS\" > \"${SCRIPT_OUTPUT_FILE_0}\"\n";
			showEnvVarsInLog = 0;
		};
		AD7A52502B2D23B8005402BC /* [CP] Embed Pods Frameworks */ = {
			isa = PBXShellScriptBuildPhase;
			buildActionMask = 2147483647;
			files = (
			);
			inputFileListPaths = (
				"${PODS_ROOT}/Target Support Files/Pods-ku-boost-iOS/Pods-ku-boost-iOS-frameworks-${CONFIGURATION}-input-files.xcfilelist",
			);
			name = "[CP] Embed Pods Frameworks";
			outputFileListPaths = (
				"${PODS_ROOT}/Target Support Files/Pods-ku-boost-iOS/Pods-ku-boost-iOS-frameworks-${CONFIGURATION}-output-files.xcfilelist",
			);
			runOnlyForDeploymentPostprocessing = 0;
			shellPath = /bin/sh;
			shellScript = "\"${PODS_ROOT}/Target Support Files/Pods-ku-boost-iOS/Pods-ku-boost-iOS-frameworks.sh\"\n";
			showEnvVarsInLog = 0;
		};
/* End PBXShellScriptBuildPhase section */

/* Begin PBXSourcesBuildPhase section */
		B1989ED125B1AB6600BC612D /* Sources */ = {
			isa = PBXSourcesBuildPhase;
			buildActionMask = 2147483647;
			files = (
				B183137225BDF50B00625375 /* GradeRouter.swift in Sources */,
				B1A577CA25B36C8200311B30 /* LoadingIndicator.swift in Sources */,
				B19428E425D1B21E0045A32F /* LibraryHandler.swift in Sources */,
				B19428DE25D1AE9B0045A32F /* ChangePW.swift in Sources */,
				B183136725BDDC2A00625375 /* GradeService.swift in Sources */,
				B1C489AD25D0714D00702617 /* GradeResponse.swift in Sources */,
				B19428E125D1B0190045A32F /* LibraryRouter.swift in Sources */,
				B1A577A225B3665100311B30 /* AuthHandler.swift in Sources */,
				B1A577AB25B3696900311B30 /* DebugView.swift in Sources */,
				B18B805625D0478200662FC1 /* UserInfo.swift in Sources */,
				B1C489B925D0718800702617 /* GraduationSimulation.swift in Sources */,
				B183137525BDF72600625375 /* LibraryService.swift in Sources */,
				B1A577CB25B36C8200311B30 /* LoadingView.swift in Sources */,
				B183136F25BDF4E500625375 /* GradeLogger.swift in Sources */,
				B183136C25BDF4CA00625375 /* GradeInterceptor.swift in Sources */,
				B1989ED925B1AB6600BC612D /* ku_boost_iOSApp.swift in Sources */,
				B1A577A825B3694700311B30 /* LoginView.swift in Sources */,
				B1A577D225B385E000311B30 /* GradeHandler.swift in Sources */,
				B1C489B025D0715500702617 /* ValidGrade.swift in Sources */,
				B19428EC25D1B2E00045A32F /* QRResponse.swift in Sources */,
				B1A577AE25B3699C00311B30 /* LoginViewModel.swift in Sources */,
				B19428E825D1B2B80045A32F /* LibLoginResponse.swift in Sources */,
				B18B805325D03F8900662FC1 /* LoginFailure.swift in Sources */,
				B18B804C25D03F5E00662FC1 /* LoginResponse.swift in Sources */,
				B18B804F25D03F7700662FC1 /* LoginSuccess.swift in Sources */,
				B19428F425D1BE630045A32F /* LibLoginRequest.swift in Sources */,
				B1A577C925B36C8200311B30 /* TextFields.swift in Sources */,
				B18320A525D14D3E0096884D /* RealmGrade.swift in Sources */,
				B1C489B325D0715B00702617 /* ValidGradeResponse.swift in Sources */,
				B19428F125D1B9800045A32F /* LibraryInterceptor.swift in Sources */,
				B1A6E82325BEC6E4001A2911 /* AuthInterceptor.swift in Sources */,
				B1C489AA25D0713F00702617 /* Grade.swift in Sources */,
				B19428DB25D1A52E0045A32F /* RealmSimulation.swift in Sources */,
				B1A6E82625BEC80D001A2911 /* AuthRouter.swift in Sources */,
				B1A6E82025BEC6AA001A2911 /* AuthService.swift in Sources */,
				B1C489B625D0718100702617 /* GraduationSimulationResponse.swift in Sources */,
			);
			runOnlyForDeploymentPostprocessing = 0;
		};
/* End PBXSourcesBuildPhase section */

/* Begin XCBuildConfiguration section */
		B1989EE225B1AB6600BC612D /* Debug */ = {
			isa = XCBuildConfiguration;
			buildSettings = {
				ALWAYS_SEARCH_USER_PATHS = NO;
				CLANG_ANALYZER_NONNULL = YES;
				CLANG_ANALYZER_NUMBER_OBJECT_CONVERSION = YES_AGGRESSIVE;
				CLANG_CXX_LANGUAGE_STANDARD = "gnu++14";
				CLANG_CXX_LIBRARY = "libc++";
				CLANG_ENABLE_MODULES = YES;
				CLANG_ENABLE_OBJC_ARC = YES;
				CLANG_ENABLE_OBJC_WEAK = YES;
				CLANG_WARN_BLOCK_CAPTURE_AUTORELEASING = YES;
				CLANG_WARN_BOOL_CONVERSION = YES;
				CLANG_WARN_COMMA = YES;
				CLANG_WARN_CONSTANT_CONVERSION = YES;
				CLANG_WARN_DEPRECATED_OBJC_IMPLEMENTATIONS = YES;
				CLANG_WARN_DIRECT_OBJC_ISA_USAGE = YES_ERROR;
				CLANG_WARN_DOCUMENTATION_COMMENTS = YES;
				CLANG_WARN_EMPTY_BODY = YES;
				CLANG_WARN_ENUM_CONVERSION = YES;
				CLANG_WARN_INFINITE_RECURSION = YES;
				CLANG_WARN_INT_CONVERSION = YES;
				CLANG_WARN_NON_LITERAL_NULL_CONVERSION = YES;
				CLANG_WARN_OBJC_IMPLICIT_RETAIN_SELF = YES;
				CLANG_WARN_OBJC_LITERAL_CONVERSION = YES;
				CLANG_WARN_OBJC_ROOT_CLASS = YES_ERROR;
				CLANG_WARN_QUOTED_INCLUDE_IN_FRAMEWORK_HEADER = YES;
				CLANG_WARN_RANGE_LOOP_ANALYSIS = YES;
				CLANG_WARN_STRICT_PROTOTYPES = YES;
				CLANG_WARN_SUSPICIOUS_MOVE = YES;
				CLANG_WARN_UNGUARDED_AVAILABILITY = YES_AGGRESSIVE;
				CLANG_WARN_UNREACHABLE_CODE = YES;
				CLANG_WARN__DUPLICATE_METHOD_MATCH = YES;
				COPY_PHASE_STRIP = NO;
				DEBUG_INFORMATION_FORMAT = dwarf;
				ENABLE_STRICT_OBJC_MSGSEND = YES;
				ENABLE_TESTABILITY = YES;
				GCC_C_LANGUAGE_STANDARD = gnu11;
				GCC_DYNAMIC_NO_PIC = NO;
				GCC_NO_COMMON_BLOCKS = YES;
				GCC_OPTIMIZATION_LEVEL = 0;
				GCC_PREPROCESSOR_DEFINITIONS = (
					"DEBUG=1",
					"$(inherited)",
				);
				GCC_WARN_64_TO_32_BIT_CONVERSION = YES;
				GCC_WARN_ABOUT_RETURN_TYPE = YES_ERROR;
				GCC_WARN_UNDECLARED_SELECTOR = YES;
				GCC_WARN_UNINITIALIZED_AUTOS = YES_AGGRESSIVE;
				GCC_WARN_UNUSED_FUNCTION = YES;
				GCC_WARN_UNUSED_VARIABLE = YES;
				IPHONEOS_DEPLOYMENT_TARGET = 14.0;
				MTL_ENABLE_DEBUG_INFO = INCLUDE_SOURCE;
				MTL_FAST_MATH = YES;
				ONLY_ACTIVE_ARCH = YES;
				SDKROOT = iphoneos;
				SWIFT_ACTIVE_COMPILATION_CONDITIONS = DEBUG;
				SWIFT_OPTIMIZATION_LEVEL = "-Onone";
			};
			name = Debug;
		};
		B1989EE325B1AB6600BC612D /* Release */ = {
			isa = XCBuildConfiguration;
			buildSettings = {
				ALWAYS_SEARCH_USER_PATHS = NO;
				CLANG_ANALYZER_NONNULL = YES;
				CLANG_ANALYZER_NUMBER_OBJECT_CONVERSION = YES_AGGRESSIVE;
				CLANG_CXX_LANGUAGE_STANDARD = "gnu++14";
				CLANG_CXX_LIBRARY = "libc++";
				CLANG_ENABLE_MODULES = YES;
				CLANG_ENABLE_OBJC_ARC = YES;
				CLANG_ENABLE_OBJC_WEAK = YES;
				CLANG_WARN_BLOCK_CAPTURE_AUTORELEASING = YES;
				CLANG_WARN_BOOL_CONVERSION = YES;
				CLANG_WARN_COMMA = YES;
				CLANG_WARN_CONSTANT_CONVERSION = YES;
				CLANG_WARN_DEPRECATED_OBJC_IMPLEMENTATIONS = YES;
				CLANG_WARN_DIRECT_OBJC_ISA_USAGE = YES_ERROR;
				CLANG_WARN_DOCUMENTATION_COMMENTS = YES;
				CLANG_WARN_EMPTY_BODY = YES;
				CLANG_WARN_ENUM_CONVERSION = YES;
				CLANG_WARN_INFINITE_RECURSION = YES;
				CLANG_WARN_INT_CONVERSION = YES;
				CLANG_WARN_NON_LITERAL_NULL_CONVERSION = YES;
				CLANG_WARN_OBJC_IMPLICIT_RETAIN_SELF = YES;
				CLANG_WARN_OBJC_LITERAL_CONVERSION = YES;
				CLANG_WARN_OBJC_ROOT_CLASS = YES_ERROR;
				CLANG_WARN_QUOTED_INCLUDE_IN_FRAMEWORK_HEADER = YES;
				CLANG_WARN_RANGE_LOOP_ANALYSIS = YES;
				CLANG_WARN_STRICT_PROTOTYPES = YES;
				CLANG_WARN_SUSPICIOUS_MOVE = YES;
				CLANG_WARN_UNGUARDED_AVAILABILITY = YES_AGGRESSIVE;
				CLANG_WARN_UNREACHABLE_CODE = YES;
				CLANG_WARN__DUPLICATE_METHOD_MATCH = YES;
				COPY_PHASE_STRIP = NO;
				DEBUG_INFORMATION_FORMAT = "dwarf-with-dsym";
				ENABLE_NS_ASSERTIONS = NO;
				ENABLE_STRICT_OBJC_MSGSEND = YES;
				GCC_C_LANGUAGE_STANDARD = gnu11;
				GCC_NO_COMMON_BLOCKS = YES;
				GCC_WARN_64_TO_32_BIT_CONVERSION = YES;
				GCC_WARN_ABOUT_RETURN_TYPE = YES_ERROR;
				GCC_WARN_UNDECLARED_SELECTOR = YES;
				GCC_WARN_UNINITIALIZED_AUTOS = YES_AGGRESSIVE;
				GCC_WARN_UNUSED_FUNCTION = YES;
				GCC_WARN_UNUSED_VARIABLE = YES;
				IPHONEOS_DEPLOYMENT_TARGET = 14.0;
				MTL_ENABLE_DEBUG_INFO = NO;
				MTL_FAST_MATH = YES;
				SDKROOT = iphoneos;
				SWIFT_COMPILATION_MODE = wholemodule;
				SWIFT_OPTIMIZATION_LEVEL = "-O";
				VALIDATE_PRODUCT = YES;
			};
			name = Release;
		};
		B1989EE525B1AB6600BC612D /* Debug */ = {
			isa = XCBuildConfiguration;
			baseConfigurationReference = D2E1C2EDFC0D762BA47414A9 /* Pods-ku-boost-iOS.debug.xcconfig */;
			buildSettings = {
				ASSETCATALOG_COMPILER_APPICON_NAME = AppIcon;
				ASSETCATALOG_COMPILER_GLOBAL_ACCENT_COLOR_NAME = AccentColor;
				CODE_SIGN_STYLE = Automatic;
				DEVELOPMENT_ASSET_PATHS = "\"ku-boost-iOS/Preview Content\"";
				DEVELOPMENT_TEAM = QW2GW32H77;
				ENABLE_PREVIEWS = YES;
				INFOPLIST_FILE = "ku-boost-iOS/Resources/Info.plist";
				IPHONEOS_DEPLOYMENT_TARGET = 14.0;
				LD_RUNPATH_SEARCH_PATHS = (
					"$(inherited)",
					"@executable_path/Frameworks",
				);
				PRODUCT_BUNDLE_IDENTIFIER = com.konkuk.boost;
				PRODUCT_NAME = "$(TARGET_NAME)";
				SWIFT_VERSION = 5.0;
				TARGETED_DEVICE_FAMILY = 1;
			};
			name = Debug;
		};
		B1989EE625B1AB6600BC612D /* Release */ = {
			isa = XCBuildConfiguration;
			baseConfigurationReference = A195609F6A6805C21BAA0298 /* Pods-ku-boost-iOS.release.xcconfig */;
			buildSettings = {
				ASSETCATALOG_COMPILER_APPICON_NAME = AppIcon;
				ASSETCATALOG_COMPILER_GLOBAL_ACCENT_COLOR_NAME = AccentColor;
				CODE_SIGN_STYLE = Automatic;
				DEVELOPMENT_ASSET_PATHS = "\"ku-boost-iOS/Preview Content\"";
				DEVELOPMENT_TEAM = QW2GW32H77;
				ENABLE_PREVIEWS = YES;
				INFOPLIST_FILE = "ku-boost-iOS/Resources/Info.plist";
				IPHONEOS_DEPLOYMENT_TARGET = 14.0;
				LD_RUNPATH_SEARCH_PATHS = (
					"$(inherited)",
					"@executable_path/Frameworks",
				);
				PRODUCT_BUNDLE_IDENTIFIER = com.konkuk.boost;
				PRODUCT_NAME = "$(TARGET_NAME)";
				SWIFT_VERSION = 5.0;
				TARGETED_DEVICE_FAMILY = 1;
			};
			name = Release;
		};
/* End XCBuildConfiguration section */

/* Begin XCConfigurationList section */
		B1989ED025B1AB6600BC612D /* Build configuration list for PBXProject "ku-boost-iOS" */ = {
			isa = XCConfigurationList;
			buildConfigurations = (
				B1989EE225B1AB6600BC612D /* Debug */,
				B1989EE325B1AB6600BC612D /* Release */,
			);
			defaultConfigurationIsVisible = 0;
			defaultConfigurationName = Release;
		};
		B1989EE425B1AB6600BC612D /* Build configuration list for PBXNativeTarget "ku-boost-iOS" */ = {
			isa = XCConfigurationList;
			buildConfigurations = (
				B1989EE525B1AB6600BC612D /* Debug */,
				B1989EE625B1AB6600BC612D /* Release */,
			);
			defaultConfigurationIsVisible = 0;
			defaultConfigurationName = Release;
		};
/* End XCConfigurationList section */
	};
	rootObject = B1989ECD25B1AB6600BC612D /* Project object */;
}
